
Microsoft Visual Studio Solution File, Format Version 12.00
# Visual Studio 15
Project("{FAE04EC0-301F-11D3-BF4B-00C04F79EFBC}") = "Assembly-CSharp", "Assembly-CSharp.csproj", "{70484533-84A0-D91D-A528-B51A7300A1AD}"
EndProject
Project("{FAE04EC0-301F-11D3-BF4B-00C04F79EFBC}") = "Assembly-CSharp-firstpass", "Assembly-CSharp-firstpass.csproj", "{D028A71A-1DE7-4846-0BF9-F5BE9D3ECE25}"
EndProject
Project("{FAE04EC0-301F-11D3-BF4B-00C04F79EFBC}") = "Assembly-CSharp-Editor-firstpass", "Assembly-CSharp-Editor-firstpass.csproj", "{99DA3EA2-1A5E-183F-B3AB-202B5A46400B}"
EndProject
Global
	GlobalSection(SolutionConfigurationPlatforms) = preSolution
		Debug|Any CPU = Debug|Any CPU
		Release|Any CPU = Release|Any CPU
	EndGlobalSection
	GlobalSection(ProjectConfigurationPlatforms) = postSolution
		{70484533-84A0-D91D-A528-B51A7300A1AD}.Debug|Any CPU.ActiveCfg = Debug|Any CPU
		{70484533-84A0-D91D-A528-B51A7300A1AD}.Debug|Any CPU.Build.0 = Debug|Any CPU
		{70484533-84A0-D91D-A528-B51A7300A1AD}.Release|Any CPU.ActiveCfg = Release|Any CPU
		{70484533-84A0-D91D-A528-B51A7300A1AD}.Release|Any CPU.Build.0 = Release|Any CPU
		{D028A71A-1DE7-4846-0BF9-F5BE9D3ECE25}.Debug|Any CPU.ActiveCfg = Debug|Any CPU
		{D028A71A-1DE7-4846-0BF9-F5BE9D3ECE25}.Debug|Any CPU.Build.0 = Debug|Any CPU
		{D028A71A-1DE7-4846-0BF9-F5BE9D3ECE25}.Release|Any CPU.ActiveCfg = Release|Any CPU
		{D028A71A-1DE7-4846-0BF9-F5BE9D3ECE25}.Release|Any CPU.Build.0 = Release|Any CPU
		{99DA3EA2-1A5E-183F-B3AB-202B5A46400B}.Debug|Any CPU.ActiveCfg = Debug|Any CPU
		{99DA3EA2-1A5E-183F-B3AB-202B5A46400B}.Debug|Any CPU.Build.0 = Debug|Any CPU
		{99DA3EA2-1A5E-183F-B3AB-202B5A46400B}.Release|Any CPU.ActiveCfg = Release|Any CPU
		{99DA3EA2-1A5E-183F-B3AB-202B5A46400B}.Release|Any CPU.Build.0 = Release|Any CPU
	EndGlobalSection
	GlobalSection(SolutionProperties) = preSolution
		HideSolutionNode = FALSE
	EndGlobalSection
EndGlobal
