
Microsoft Visual Studio Solution File, Format Version 12.00
# Visual Studio 15
Project("{FAE04EC0-301F-11D3-BF4B-00C04F79EFBC}") = "Assembly-CSharp", "Assembly-CSharp.csproj", "{70484533-84A0-D91D-A528-B51A7300A1AD}"
EndProject
Project("{FAE04EC0-301F-11D3-BF4B-00C04F79EFBC}") = "Assembly-CSharp-Editor", "Assembly-CSharp-Editor.csproj", "{F59DEA71-6E05-9300-69EF-54D806826EB1}"
EndProject
Global
	GlobalSection(SolutionConfigurationPlatforms) = preSolution
		Debug|Any CPU = Debug|Any CPU
		Release|Any CPU = Release|Any CPU
	EndGlobalSection
	GlobalSection(ProjectConfigurationPlatforms) = postSolution
		{70484533-84A0-D91D-A528-B51A7300A1AD}.Debug|Any CPU.ActiveCfg = Debug|Any CPU
		{70484533-84A0-D91D-A528-B51A7300A1AD}.Debug|Any CPU.Build.0 = Debug|Any CPU
		{70484533-84A0-D91D-A528-B51A7300A1AD}.Release|Any CPU.ActiveCfg = Release|Any CPU
		{70484533-84A0-D91D-A528-B51A7300A1AD}.Release|Any CPU.Build.0 = Release|Any CPU
		{F59DEA71-6E05-9300-69EF-54D806826EB1}.Debug|Any CPU.ActiveCfg = Debug|Any CPU
		{F59DEA71-6E05-9300-69EF-54D806826EB1}.Debug|Any CPU.Build.0 = Debug|Any CPU
		{F59DEA71-6E05-9300-69EF-54D806826EB1}.Release|Any CPU.ActiveCfg = Release|Any CPU
		{F59DEA71-6E05-9300-69EF-54D806826EB1}.Release|Any CPU.Build.0 = Release|Any CPU
	EndGlobalSection
	GlobalSection(SolutionProperties) = preSolution
		HideSolutionNode = FALSE
	EndGlobalSection
EndGlobal
